// !$*UTF8*$!
{
	archiveVersion = 1;
	classes = {
	};
	objectVersion = 77;
	objects = {

/* Begin PBXContainerItemProxy section */
		3E0BAC192E9EBAE500CC430A /* PBXContainerItemProxy */ = {
			isa = PBXContainerItemProxy;
			containerPortal = 3E0BAC032E9EBAE400CC430A /* Project object */;
			proxyType = 1;
			remoteGlobalIDString = 3E0BAC0A2E9EBAE400CC430A;
			remoteInfo = Post_SiwftUi;
		};
		3E0BAC232E9EBAE500CC430A /* PBXContainerItemProxy */ = {
			isa = PBXContainerItemProxy;
			containerPortal = 3E0BAC032E9EBAE400CC430A /* Project object */;
			proxyType = 1;
			remoteGlobalIDString = 3E0BAC0A2E9EBAE400CC430A;
			remoteInfo = Post_SiwftUi;
		};
/* End PBXContainerItemProxy section */

/* Begin PBXFileReference section */
		3E0BAC0B2E9EBAE400CC430A /* Post_SiwftUi.app */ = {isa = PBXFileReference; explicitFileType = wrapper.application; includeInIndex = 0; path = Post_SiwftUi.app; sourceTree = BUILT_PRODUCTS_DIR; };
		3E0BAC182E9EBAE500CC430A /* Post_SiwftUiTests.xctest */ = {isa = PBXFileReference; explicitFileType = wrapper.cfbundle; includeInIndex = 0; path = Post_SiwftUiTests.xctest; sourceTree = BUILT_PRODUCTS_DIR; };
		3E0BAC222E9EBAE500CC430A /* Post_SiwftUiUITests.xctest */ = {isa = PBXFileReference; explicitFileType = wrapper.cfbundle; includeInIndex = 0; path = Post_SiwftUiUITests.xctest; sourceTree = BUILT_PRODUCTS_DIR; };
/* End PBXFileReference section */

/* Begin PBXFileSystemSynchronizedRootGroup section */
		3E0BAC0D2E9EBAE400CC430A /* Post_SiwftUi */ = {
			isa = PBXFileSystemSynchronizedRootGroup;
			path = Post_SiwftUi;
			sourceTree = "<group>";
		};
		3E0BAC1B2E9EBAE500CC430A /* Post_SiwftUiTests */ = {
			isa = PBXFileSystemSynchronizedRootGroup;
			path = Post_SiwftUiTests;
			sourceTree = "<group>";
		};
		3E0BAC252E9EBAE500CC430A /* Post_SiwftUiUITests */ = {
			isa = PBXFileSystemSynchronizedRootGroup;
			path = Post_SiwftUiUITests;
			sourceTree = "<group>";
		};
/* End PBXFileSystemSynchronizedRootGroup section */

/* Begin PBXFrameworksBuildPhase section */
		3E0BAC082E9EBAE400CC430A /* Frameworks */ = {
			isa = PBXFrameworksBuildPhase;
			buildActionMask = 2147483647;
			files = (
			);
			runOnlyForDeploymentPostprocessing = 0;
		};
		3E0BAC152E9EBAE500CC430A /* Frameworks */ = {
			isa = PBXFrameworksBuildPhase;
			buildActionMask = 2147483647;
			files = (
			);
			runOnlyForDeploymentPostprocessing = 0;
		};
		3E0BAC1F2E9EBAE500CC430A /* Frameworks */ = {
			isa = PBXFrameworksBuildPhase;
			buildActionMask = 2147483647;
			files = (
			);
			runOnlyForDeploymentPostprocessing = 0;
		};
/* End PBXFrameworksBuildPhase section */

/* Begin PBXGroup section */
		3E0BAC022E9EBAE400CC430A = {
			isa = PBXGroup;
			children = (
				3E0BAC0D2E9EBAE400CC430A /* Post_SiwftUi */,
				3E0BAC1B2E9EBAE500CC430A /* Post_SiwftUiTests */,
				3E0BAC252E9EBAE500CC430A /* Post_SiwftUiUITests */,
				3E0BAC0C2E9EBAE400CC430A /* Products */,
			);
			sourceTree = "<group>";
		};
		3E0BAC0C2E9EBAE400CC430A /* Products */ = {
			isa = PBXGroup;
			children = (
				3E0BAC0B2E9EBAE400CC430A /* Post_SiwftUi.app */,
				3E0BAC182E9EBAE500CC430A /* Post_SiwftUiTests.xctest */,
				3E0BAC222E9EBAE500CC430A /* Post_SiwftUiUITests.xctest */,
			);
			name = Products;
			sourceTree = "<group>";
		};
/* End PBXGroup section */

/* Begin PBXNativeTarget section */
		3E0BAC0A2E9EBAE400CC430A /* Post_SiwftUi */ = {
			isa = PBXNativeTarget;
			buildConfigurationList = 3E0BAC2C2E9EBAE500CC430A /* Build configuration list for PBXNativeTarget "Post_SiwftUi" */;
			buildPhases = (
				3E0BAC072E9EBAE400CC430A /* Sources */,
				3E0BAC082E9EBAE400CC430A /* Frameworks */,
				3E0BAC092E9EBAE400CC430A /* Resources */,
			);
			buildRules = (
			);
			dependencies = (
			);
			fileSystemSynchronizedGroups = (
				3E0BAC0D2E9EBAE400CC430A /* Post_SiwftUi */,
			);
			name = Post_SiwftUi;
			packageProductDependencies = (
			);
			productName = Post_SiwftUi;
			productReference = 3E0BAC0B2E9EBAE400CC430A /* Post_SiwftUi.app */;
			productType = "com.apple.product-type.application";
		};
		3E0BAC172E9EBAE500CC430A /* Post_SiwftUiTests */ = {
			isa = PBXNativeTarget;
			buildConfigurationList = 3E0BAC2F2E9EBAE500CC430A /* Build configuration list for PBXNativeTarget "Post_SiwftUiTests" */;
			buildPhases = (
				3E0BAC142E9EBAE500CC430A /* Sources */,
				3E0BAC152E9EBAE500CC430A /* Frameworks */,
				3E0BAC162E9EBAE500CC430A /* Resources */,
			);
			buildRules = (
			);
			dependencies = (
				3E0BAC1A2E9EBAE500CC430A /* PBXTargetDependency */,
			);
			fileSystemSynchronizedGroups = (
				3E0BAC1B2E9EBAE500CC430A /* Post_SiwftUiTests */,
			);
			name = Post_SiwftUiTests;
			packageProductDependencies = (
			);
			productName = Post_SiwftUiTests;
			productReference = 3E0BAC182E9EBAE500CC430A /* Post_SiwftUiTests.xctest */;
			productType = "com.apple.product-type.bundle.unit-test";
		};
		3E0BAC212E9EBAE500CC430A /* Post_SiwftUiUITests */ = {
			isa = PBXNativeTarget;
			buildConfigurationList = 3E0BAC322E9EBAE500CC430A /* Build configuration list for PBXNativeTarget "Post_SiwftUiUITests" */;
			buildPhases = (
				3E0BAC1E2E9EBAE500CC430A /* Sources */,
				3E0BAC1F2E9EBAE500CC430A /* Frameworks */,
				3E0BAC202E9EBAE500CC430A /* Resources */,
			);
			buildRules = (
			);
			dependencies = (
				3E0BAC242E9EBAE500CC430A /* PBXTargetDependency */,
			);
			fileSystemSynchronizedGroups = (
				3E0BAC252E9EBAE500CC430A /* Post_SiwftUiUITests */,
			);
			name = Post_SiwftUiUITests;
			packageProductDependencies = (
			);
			productName = Post_SiwftUiUITests;
			productReference = 3E0BAC222E9EBAE500CC430A /* Post_SiwftUiUITests.xctest */;
			productType = "com.apple.product-type.bundle.ui-testing";
		};
/* End PBXNativeTarget section */

/* Begin PBXProject section */
		3E0BAC032E9EBAE400CC430A /* Project object */ = {
			isa = PBXProject;
			attributes = {
				BuildIndependentTargetsInParallel = 1;
				LastSwiftUpdateCheck = 1640;
				LastUpgradeCheck = 1640;
				TargetAttributes = {
					3E0BAC0A2E9EBAE400CC430A = {
						CreatedOnToolsVersion = 16.4;
					};
					3E0BAC172E9EBAE500CC430A = {
						CreatedOnToolsVersion = 16.4;
						TestTargetID = 3E0BAC0A2E9EBAE400CC430A;
					};
					3E0BAC212E9EBAE500CC430A = {
						CreatedOnToolsVersion = 16.4;
						TestTargetID = 3E0BAC0A2E9EBAE400CC430A;
					};
				};
			};
			buildConfigurationList = 3E0BAC062E9EBAE400CC430A /* Build configuration list for PBXProject "Post_SiwftUi" */;
			developmentRegion = en;
			hasScannedForEncodings = 0;
			knownRegions = (
				en,
				Base,
			);
			mainGroup = 3E0BAC022E9EBAE400CC430A;
			minimizedProjectReferenceProxies = 1;
			preferredProjectObjectVersion = 77;
			productRefGroup = 3E0BAC0C2E9EBAE400CC430A /* Products */;
			projectDirPath = "";
			projectRoot = "";
			targets = (
				3E0BAC0A2E9EBAE400CC430A /* Post_SiwftUi */,
				3E0BAC172E9EBAE500CC430A /* Post_SiwftUiTests */,
				3E0BAC212E9EBAE500CC430A /* Post_SiwftUiUITests */,
			);
		};
/* End PBXProject section */

/* Begin PBXResourcesBuildPhase section */
		3E0BAC092E9EBAE400CC430A /* Resources */ = {
			isa = PBXResourcesBuildPhase;
			buildActionMask = 2147483647;
			files = (
			);
			runOnlyForDeploymentPostprocessing = 0;
		};
		3E0BAC162E9EBAE500CC430A /* Resources */ = {
			isa = PBXResourcesBuildPhase;
			buildActionMask = 2147483647;
			files = (
			);
			runOnlyForDeploymentPostprocessing = 0;
		};
		3E0BAC202E9EBAE500CC430A /* Resources */ = {
			isa = PBXResourcesBuildPhase;
			buildActionMask = 2147483647;
			files = (
			);
			runOnlyForDeploymentPostprocessing = 0;
		};
/* End PBXResourcesBuildPhase section */

/* Begin PBXSourcesBuildPhase section */
		3E0BAC072E9EBAE400CC430A /* Sources */ = {
			isa = PBXSourcesBuildPhase;
			buildActionMask = 2147483647;
			files = (
			);
			runOnlyForDeploymentPostprocessing = 0;
		};
		3E0BAC142E9EBAE500CC430A /* Sources */ = {
			isa = PBXSourcesBuildPhase;
			buildActionMask = 2147483647;
			files = (
			);
			runOnlyForDeploymentPostprocessing = 0;
		};
		3E0BAC1E2E9EBAE500CC430A /* Sources */ = {
			isa = PBXSourcesBuildPhase;
			buildActionMask = 2147483647;
			files = (
			);
			runOnlyForDeploymentPostprocessing = 0;
		};
/* End PBXSourcesBuildPhase section */

/* Begin PBXTargetDependency section */
		3E0BAC1A2E9EBAE500CC430A /* PBXTargetDependency */ = {
			isa = PBXTargetDependency;
			target = 3E0BAC0A2E9EBAE400CC430A /* Post_SiwftUi */;
			targetProxy = 3E0BAC192E9EBAE500CC430A /* PBXContainerItemProxy */;
		};
		3E0BAC242E9EBAE500CC430A /* PBXTargetDependency */ = {
			isa = PBXTargetDependency;
			target = 3E0BAC0A2E9EBAE400CC430A /* Post_SiwftUi */;
			targetProxy = 3E0BAC232E9EBAE500CC430A /* PBXContainerItemProxy */;
		};
/* End PBXTargetDependency section */

/* Begin XCBuildConfiguration section */
		3E0BAC2A2E9EBAE500CC430A /* Debug */ = {
			isa = XCBuildConfiguration;
			buildSettings = {
				ALWAYS_SEARCH_USER_PATHS = NO;
				ASSETCATALOG_COMPILER_GENERATE_SWIFT_ASSET_SYMBOL_EXTENSIONS = YES;
				CLANG_ANALYZER_NONNULL = YES;
				CLANG_ANALYZER_NUMBER_OBJECT_CONVERSION = YES_AGGRESSIVE;
				CLANG_CXX_LANGUAGE_STANDARD = "gnu++20";
				CLANG_ENABLE_MODULES = YES;
				CLANG_ENABLE_OBJC_ARC = YES;
				CLANG_ENABLE_OBJC_WEAK = YES;
				CLANG_WARN_BLOCK_CAPTURE_AUTORELEASING = YES;
				CLANG_WARN_BOOL_CONVERSION = YES;
				CLANG_WARN_COMMA = YES;
				CLANG_WARN_CONSTANT_CONVERSION = YES;
				CLANG_WARN_DEPRECATED_OBJC_IMPLEMENTATIONS = YES;
				CLANG_WARN_DIRECT_OBJC_ISA_USAGE = YES_ERROR;
				CLANG_WARN_DOCUMENTATION_COMMENTS = YES;
				CLANG_WARN_EMPTY_BODY = YES;
				CLANG_WARN_ENUM_CONVERSION = YES;
				CLANG_WARN_INFINITE_RECURSION = YES;
				CLANG_WARN_INT_CONVERSION = YES;
				CLANG_WARN_NON_LITERAL_NULL_CONVERSION = YES;
				CLANG_WARN_OBJC_IMPLICIT_RETAIN_SELF = YES;
				CLANG_WARN_OBJC_LITERAL_CONVERSION = YES;
				CLANG_WARN_OBJC_ROOT_CLASS = YES_ERROR;
				CLANG_WARN_QUOTED_INCLUDE_IN_FRAMEWORK_HEADER = YES;
				CLANG_WARN_RANGE_LOOP_ANALYSIS = YES;
				CLANG_WARN_STRICT_PROTOTYPES = YES;
				CLANG_WARN_SUSPICIOUS_MOVE = YES;
				CLANG_WARN_UNGUARDED_AVAILABILITY = YES_AGGRESSIVE;
				CLANG_WARN_UNREACHABLE_CODE = YES;
				CLANG_WARN__DUPLICATE_METHOD_MATCH = YES;
				COPY_PHASE_STRIP = NO;
				DEBUG_INFORMATION_FORMAT = dwarf;
				ENABLE_STRICT_OBJC_MSGSEND = YES;
				ENABLE_TESTABILITY = YES;
				ENABLE_USER_SCRIPT_SANDBOXING = YES;
				GCC_C_LANGUAGE_STANDARD = gnu17;
				GCC_DYNAMIC_NO_PIC = NO;
				GCC_NO_COMMON_BLOCKS = YES;
				GCC_OPTIMIZATION_LEVEL = 0;
				GCC_PREPROCESSOR_DEFINITIONS = (
					"DEBUG=1",
					"$(inherited)",
				);
				GCC_WARN_64_TO_32_BIT_CONVERSION = YES;
				GCC_WARN_ABOUT_RETURN_TYPE = YES_ERROR;
				GCC_WARN_UNDECLARED_SELECTOR = YES;
				GCC_WARN_UNINITIALIZED_AUTOS = YES_AGGRESSIVE;
				GCC_WARN_UNUSED_FUNCTION = YES;
				GCC_WARN_UNUSED_VARIABLE = YES;
				IPHONEOS_DEPLOYMENT_TARGET = 18.5;
				LOCALIZATION_PREFERS_STRING_CATALOGS = YES;
				MTL_ENABLE_DEBUG_INFO = INCLUDE_SOURCE;
				MTL_FAST_MATH = YES;
				ONLY_ACTIVE_ARCH = YES;
				SDKROOT = iphoneos;
				SWIFT_ACTIVE_COMPILATION_CONDITIONS = "DEBUG $(inherited)";
				SWIFT_OPTIMIZATION_LEVEL = "-Onone";
			};
			name = Debug;
		};
		3E0BAC2B2E9EBAE500CC430A /* Release */ = {
			isa = XCBuildConfiguration;
			buildSettings = {
				ALWAYS_SEARCH_USER_PATHS = NO;
				ASSETCATALOG_COMPILER_GENERATE_SWIFT_ASSET_SYMBOL_EXTENSIONS = YES;
				CLANG_ANALYZER_NONNULL = YES;
				CLANG_ANALYZER_NUMBER_OBJECT_CONVERSION = YES_AGGRESSIVE;
				CLANG_CXX_LANGUAGE_STANDARD = "gnu++20";
				CLANG_ENABLE_MODULES = YES;
				CLANG_ENABLE_OBJC_ARC = YES;
				CLANG_ENABLE_OBJC_WEAK = YES;
				CLANG_WARN_BLOCK_CAPTURE_AUTORELEASING = YES;
				CLANG_WARN_BOOL_CONVERSION = YES;
				CLANG_WARN_COMMA = YES;
				CLANG_WARN_CONSTANT_CONVERSION = YES;
				CLANG_WARN_DEPRECATED_OBJC_IMPLEMENTATIONS = YES;
				CLANG_WARN_DIRECT_OBJC_ISA_USAGE = YES_ERROR;
				CLANG_WARN_DOCUMENTATION_COMMENTS = YES;
				CLANG_WARN_EMPTY_BODY = YES;
				CLANG_WARN_ENUM_CONVERSION = YES;
				CLANG_WARN_INFINITE_RECURSION = YES;
				CLANG_WARN_INT_CONVERSION = YES;
				CLANG_WARN_NON_LITERAL_NULL_CONVERSION = YES;
				CLANG_WARN_OBJC_IMPLICIT_RETAIN_SELF = YES;
				CLANG_WARN_OBJC_LITERAL_CONVERSION = YES;
				CLANG_WARN_OBJC_ROOT_CLASS = YES_ERROR;
				CLANG_WARN_QUOTED_INCLUDE_IN_FRAMEWORK_HEADER = YES;
				CLANG_WARN_RANGE_LOOP_ANALYSIS = YES;
				CLANG_WARN_STRICT_PROTOTYPES = YES;
				CLANG_WARN_SUSPICIOUS_MOVE = YES;
				CLANG_WARN_UNGUARDED_AVAILABILITY = YES_AGGRESSIVE;
				CLANG_WARN_UNREACHABLE_CODE = YES;
				CLANG_WARN__DUPLICATE_METHOD_MATCH = YES;
				COPY_PHASE_STRIP = NO;
				DEBUG_INFORMATION_FORMAT = "dwarf-with-dsym";
				ENABLE_NS_ASSERTIONS = NO;
				ENABLE_STRICT_OBJC_MSGSEND = YES;
				ENABLE_USER_SCRIPT_SANDBOXING = YES;
				GCC_C_LANGUAGE_STANDARD = gnu17;
				GCC_NO_COMMON_BLOCKS = YES;
				GCC_WARN_64_TO_32_BIT_CONVERSION = YES;
				GCC_WARN_ABOUT_RETURN_TYPE = YES_ERROR;
				GCC_WARN_UNDECLARED_SELECTOR = YES;
				GCC_WARN_UNINITIALIZED_AUTOS = YES_AGGRESSIVE;
				GCC_WARN_UNUSED_FUNCTION = YES;
				GCC_WARN_UNUSED_VARIABLE = YES;
				IPHONEOS_DEPLOYMENT_TARGET = 18.5;
				LOCALIZATION_PREFERS_STRING_CATALOGS = YES;
				MTL_ENABLE_DEBUG_INFO = NO;
				MTL_FAST_MATH = YES;
				SDKROOT = iphoneos;
				SWIFT_COMPILATION_MODE = wholemodule;
				VALIDATE_PRODUCT = YES;
			};
			name = Release;
		};
		3E0BAC2D2E9EBAE500CC430A /* Debug */ = {
			isa = XCBuildConfiguration;
			buildSettings = {
				ASSETCATALOG_COMPILER_APPICON_NAME = AppIcon;
				ASSETCATALOG_COMPILER_GLOBAL_ACCENT_COLOR_NAME = AccentColor;
				CODE_SIGN_STYLE = Automatic;
				CURRENT_PROJECT_VERSION = 1;
				ENABLE_PREVIEWS = YES;
				GENERATE_INFOPLIST_FILE = YES;
				INFOPLIST_KEY_UIApplicationSceneManifest_Generation = YES;
				INFOPLIST_KEY_UIApplicationSupportsIndirectInputEvents = YES;
				INFOPLIST_KEY_UILaunchScreen_Generation = YES;
				INFOPLIST_KEY_UISupportedInterfaceOrientations_iPad = "UIInterfaceOrientationPortrait UIInterfaceOrientationPortraitUpsideDown UIInterfaceOrientationLandscapeLeft UIInterfaceOrientationLandscapeRight";
				INFOPLIST_KEY_UISupportedInterfaceOrientations_iPhone = "UIInterfaceOrientationPortrait UIInterfaceOrientationLandscapeLeft UIInterfaceOrientationLandscapeRight";
				LD_RUNPATH_SEARCH_PATHS = (
					"$(inherited)",
					"@executable_path/Frameworks",
				);
				MARKETING_VERSION = 1.0;
				PRODUCT_BUNDLE_IDENTIFIER = "com.koushik.swiftUI.Post-SiwftUi";
				PRODUCT_NAME = "$(TARGET_NAME)";
				SWIFT_EMIT_LOC_STRINGS = YES;
				SWIFT_VERSION = 5.0;
				TARGETED_DEVICE_FAMILY = "1,2";
			};
			name = Debug;
		};
		3E0BAC2E2E9EBAE500CC430A /* Release */ = {
			isa = XCBuildConfiguration;
			buildSettings = {
				ASSETCATALOG_COMPILER_APPICON_NAME = AppIcon;
				ASSETCATALOG_COMPILER_GLOBAL_ACCENT_COLOR_NAME = AccentColor;
				CODE_SIGN_STYLE = Automatic;
				CURRENT_PROJECT_VERSION = 1;
				ENABLE_PREVIEWS = YES;
				GENERATE_INFOPLIST_FILE = YES;
				INFOPLIST_KEY_UIApplicationSceneManifest_Generation = YES;
				INFOPLIST_KEY_UIApplicationSupportsIndirectInputEvents = YES;
				INFOPLIST_KEY_UILaunchScreen_Generation = YES;
				INFOPLIST_KEY_UISupportedInterfaceOrientations_iPad = "UIInterfaceOrientationPortrait UIInterfaceOrientationPortraitUpsideDown UIInterfaceOrientationLandscapeLeft UIInterfaceOrientationLandscapeRight";
				INFOPLIST_KEY_UISupportedInterfaceOrientations_iPhone = "UIInterfaceOrientationPortrait UIInterfaceOrientationLandscapeLeft UIInterfaceOrientationLandscapeRight";
				LD_RUNPATH_SEARCH_PATHS = (
					"$(inherited)",
					"@executable_path/Frameworks",
				);
				MARKETING_VERSION = 1.0;
				PRODUCT_BUNDLE_IDENTIFIER = "com.koushik.swiftUI.Post-SiwftUi";
				PRODUCT_NAME = "$(TARGET_NAME)";
				SWIFT_EMIT_LOC_STRINGS = YES;
				SWIFT_VERSION = 5.0;
				TARGETED_DEVICE_FAMILY = "1,2";
			};
			name = Release;
		};
		3E0BAC302E9EBAE500CC430A /* Debug */ = {
			isa = XCBuildConfiguration;
			buildSettings = {
				BUNDLE_LOADER = "$(TEST_HOST)";
				CODE_SIGN_STYLE = Automatic;
				CURRENT_PROJECT_VERSION = 1;
				GENERATE_INFOPLIST_FILE = YES;
				IPHONEOS_DEPLOYMENT_TARGET = 18.5;
				MARKETING_VERSION = 1.0;
				PRODUCT_BUNDLE_IDENTIFIER = "com.koushik.swiftUI.Post-SiwftUiTests";
				PRODUCT_NAME = "$(TARGET_NAME)";
				SWIFT_EMIT_LOC_STRINGS = NO;
				SWIFT_VERSION = 5.0;
				TARGETED_DEVICE_FAMILY = "1,2";
				TEST_HOST = "$(BUILT_PRODUCTS_DIR)/Post_SiwftUi.app/$(BUNDLE_EXECUTABLE_FOLDER_PATH)/Post_SiwftUi";
			};
			name = Debug;
		};
		3E0BAC312E9EBAE500CC430A /* Release */ = {
			isa = XCBuildConfiguration;
			buildSettings = {
				BUNDLE_LOADER = "$(TEST_HOST)";
				CODE_SIGN_STYLE = Automatic;
				CURRENT_PROJECT_VERSION = 1;
				GENERATE_INFOPLIST_FILE = YES;
				IPHONEOS_DEPLOYMENT_TARGET = 18.5;
				MARKETING_VERSION = 1.0;
				PRODUCT_BUNDLE_IDENTIFIER = "com.koushik.swiftUI.Post-SiwftUiTests";
				PRODUCT_NAME = "$(TARGET_NAME)";
				SWIFT_EMIT_LOC_STRINGS = NO;
				SWIFT_VERSION = 5.0;
				TARGETED_DEVICE_FAMILY = "1,2";
				TEST_HOST = "$(BUILT_PRODUCTS_DIR)/Post_SiwftUi.app/$(BUNDLE_EXECUTABLE_FOLDER_PATH)/Post_SiwftUi";
			};
			name = Release;
		};
		3E0BAC332E9EBAE500CC430A /* Debug */ = {
			isa = XCBuildConfiguration;
			buildSettings = {
				CODE_SIGN_STYLE = Automatic;
				CURRENT_PROJECT_VERSION = 1;
				GENERATE_INFOPLIST_FILE = YES;
				MARKETING_VERSION = 1.0;
				PRODUCT_BUNDLE_IDENTIFIER = "com.koushik.swiftUI.Post-SiwftUiUITests";
				PRODUCT_NAME = "$(TARGET_NAME)";
				SWIFT_EMIT_LOC_STRINGS = NO;
				SWIFT_VERSION = 5.0;
				TARGETED_DEVICE_FAMILY = "1,2";
				TEST_TARGET_NAME = Post_SiwftUi;
			};
			name = Debug;
		};
		3E0BAC342E9EBAE500CC430A /* Release */ = {
			isa = XCBuildConfiguration;
			buildSettings = {
				CODE_SIGN_STYLE = Automatic;
				CURRENT_PROJECT_VERSION = 1;
				GENERATE_INFOPLIST_FILE = YES;
				MARKETING_VERSION = 1.0;
				PRODUCT_BUNDLE_IDENTIFIER = "com.koushik.swiftUI.Post-SiwftUiUITests";
				PRODUCT_NAME = "$(TARGET_NAME)";
				SWIFT_EMIT_LOC_STRINGS = NO;
				SWIFT_VERSION = 5.0;
				TARGETED_DEVICE_FAMILY = "1,2";
				TEST_TARGET_NAME = Post_SiwftUi;
			};
			name = Release;
		};
/* End XCBuildConfiguration section */

/* Begin XCConfigurationList section */
		3E0BAC062E9EBAE400CC430A /* Build configuration list for PBXProject "Post_SiwftUi" */ = {
			isa = XCConfigurationList;
			buildConfigurations = (
				3E0BAC2A2E9EBAE500CC430A /* Debug */,
				3E0BAC2B2E9EBAE500CC430A /* Release */,
			);
			defaultConfigurationIsVisible = 0;
			defaultConfigurationName = Release;
		};
		3E0BAC2C2E9EBAE500CC430A /* Build configuration list for PBXNativeTarget "Post_SiwftUi" */ = {
			isa = XCConfigurationList;
			buildConfigurations = (
				3E0BAC2D2E9EBAE500CC430A /* Debug */,
				3E0BAC2E2E9EBAE500CC430A /* Release */,
			);
			defaultConfigurationIsVisible = 0;
			defaultConfigurationName = Release;
		};
		3E0BAC2F2E9EBAE500CC430A /* Build configuration list for PBXNativeTarget "Post_SiwftUiTests" */ = {
			isa = XCConfigurationList;
			buildConfigurations = (
				3E0BAC302E9EBAE500CC430A /* Debug */,
				3E0BAC312E9EBAE500CC430A /* Release */,
			);
			defaultConfigurationIsVisible = 0;
			defaultConfigurationName = Release;
		};
		3E0BAC322E9EBAE500CC430A /* Build configuration list for PBXNativeTarget "Post_SiwftUiUITests" */ = {
			isa = XCConfigurationList;
			buildConfigurations = (
				3E0BAC332E9EBAE500CC430A /* Debug */,
				3E0BAC342E9EBAE500CC430A /* Release */,
			);
			defaultConfigurationIsVisible = 0;
			defaultConfigurationName = Release;
		};
/* End XCConfigurationList section */
	};
	rootObject = 3E0BAC032E9EBAE400CC430A /* Project object */;
}
